
Microsoft Visual Studio Solution File, Format Version 12.00
# Visual Studio Version 16
VisualStudioVersion = 16.0.28803.352
MinimumVisualStudioVersion = 10.0.40219.1
Project("{FAE04EC0-301F-11D3-BF4B-00C04F79EFBC}") = "uzd.2", "uzd.2\uzd.2.csproj", "{FC58DCA3-2D04-46A7-957F-D9F3B7A62A55}"
EndProject
Global
	GlobalSection(SolutionConfigurationPlatforms) = preSolution
		Debug|Any CPU = Debug|Any CPU
		Release|Any CPU = Release|Any CPU
	EndGlobalSection
	GlobalSection(ProjectConfigurationPlatforms) = postSolution
		{FC58DCA3-2D04-46A7-957F-D9F3B7A62A55}.Debug|Any CPU.ActiveCfg = Debug|Any CPU
		{FC58DCA3-2D04-46A7-957F-D9F3B7A62A55}.Debug|Any CPU.Build.0 = Debug|Any CPU
		{FC58DCA3-2D04-46A7-957F-D9F3B7A62A55}.Release|Any CPU.ActiveCfg = Release|Any CPU
		{FC58DCA3-2D04-46A7-957F-D9F3B7A62A55}.Release|Any CPU.Build.0 = Release|Any CPU
	EndGlobalSection
	GlobalSection(SolutionProperties) = preSolution
		HideSolutionNode = FALSE
	EndGlobalSection
	GlobalSection(ExtensibilityGlobals) = postSolution
		SolutionGuid = {91876A1A-194F-4C0E-8827-6EEB4C1E470B}
	EndGlobalSection
EndGlobal
